
Microsoft Visual Studio Solution File, Format Version 12.00
# Visual Studio Version 17
VisualStudioVersion = 17.4.33213.308
MinimumVisualStudioVersion = 10.0.40219.1
Project("{FAE04EC0-301F-11D3-BF4B-00C04F79EFBC}") = "HelloWorldAsp", "HelloWorldAsp\HelloWorldAsp.csproj", "{C16A92BD-B8F3-49E4-BA18-8DEFBE3DB564}"
EndProject
Project("{FAE04EC0-301F-11D3-BF4B-00C04F79EFBC}") = "HelloWorldAspTestProject", "HelloWorldAspTestProject\HelloWorldAspTestProject.csproj", "{52658C55-275E-4CED-88D2-D3C24FB470C1}"
EndProject
Global
	GlobalSection(SolutionConfigurationPlatforms) = preSolution
		Debug|Any CPU = Debug|Any CPU
		Release|Any CPU = Release|Any CPU
	EndGlobalSection
	GlobalSection(ProjectConfigurationPlatforms) = postSolution
		{C16A92BD-B8F3-49E4-BA18-8DEFBE3DB564}.Debug|Any CPU.ActiveCfg = Debug|Any CPU
		{C16A92BD-B8F3-49E4-BA18-8DEFBE3DB564}.Debug|Any CPU.Build.0 = Debug|Any CPU
		{C16A92BD-B8F3-49E4-BA18-8DEFBE3DB564}.Release|Any CPU.ActiveCfg = Release|Any CPU
		{C16A92BD-B8F3-49E4-BA18-8DEFBE3DB564}.Release|Any CPU.Build.0 = Release|Any CPU
		{52658C55-275E-4CED-88D2-D3C24FB470C1}.Debug|Any CPU.ActiveCfg = Debug|Any CPU
		{52658C55-275E-4CED-88D2-D3C24FB470C1}.Debug|Any CPU.Build.0 = Debug|Any CPU
		{52658C55-275E-4CED-88D2-D3C24FB470C1}.Release|Any CPU.ActiveCfg = Release|Any CPU
		{52658C55-275E-4CED-88D2-D3C24FB470C1}.Release|Any CPU.Build.0 = Release|Any CPU
	EndGlobalSection
	GlobalSection(SolutionProperties) = preSolution
		HideSolutionNode = FALSE
	EndGlobalSection
	GlobalSection(ExtensibilityGlobals) = postSolution
		SolutionGuid = {E22FC05A-E0B8-4C25-84A7-004EE5717599}
	EndGlobalSection
EndGlobal
